
Microsoft Visual Studio Solution File, Format Version 12.00
# Visual Studio 14
VisualStudioVersion = 14.0.24720.0
MinimumVisualStudioVersion = 10.0.40219.1
Project("{FAE04EC0-301F-11D3-BF4B-00C04F79EFBC}") = "HumanResources", "HumanResources\HumanResources.csproj", "{F7215BEF-57FB-4CDE-8444-253DE663DDBC}"
EndProject
Project("{FAE04EC0-301F-11D3-BF4B-00C04F79EFBC}") = "DataLayer", "DataLayer\DataLayer.csproj", "{549E50BF-9AF0-47DD-9D24-0EA4F92A315C}"
EndProject
Global
	GlobalSection(SolutionConfigurationPlatforms) = preSolution
		Debug|Any CPU = Debug|Any CPU
		Release|Any CPU = Release|Any CPU
	EndGlobalSection
	GlobalSection(ProjectConfigurationPlatforms) = postSolution
		{F7215BEF-57FB-4CDE-8444-253DE663DDBC}.Debug|Any CPU.ActiveCfg = Debug|Any CPU
		{F7215BEF-57FB-4CDE-8444-253DE663DDBC}.Debug|Any CPU.Build.0 = Debug|Any CPU
		{F7215BEF-57FB-4CDE-8444-253DE663DDBC}.Release|Any CPU.ActiveCfg = Release|Any CPU
		{F7215BEF-57FB-4CDE-8444-253DE663DDBC}.Release|Any CPU.Build.0 = Release|Any CPU
		{549E50BF-9AF0-47DD-9D24-0EA4F92A315C}.Debug|Any CPU.ActiveCfg = Debug|Any CPU
		{549E50BF-9AF0-47DD-9D24-0EA4F92A315C}.Debug|Any CPU.Build.0 = Debug|Any CPU
		{549E50BF-9AF0-47DD-9D24-0EA4F92A315C}.Release|Any CPU.ActiveCfg = Release|Any CPU
		{549E50BF-9AF0-47DD-9D24-0EA4F92A315C}.Release|Any CPU.Build.0 = Release|Any CPU
	EndGlobalSection
	GlobalSection(SolutionProperties) = preSolution
		HideSolutionNode = FALSE
	EndGlobalSection
EndGlobal
